PODS:
  - libpd (0.9.1)

DEPENDENCIES:
  - libpd (from `https://github.com/libpd/libpd`)

EXTERNAL SOURCES:
  libpd:
    :git: https://github.com/libpd/libpd
    :submodules: true

CHECKOUT OPTIONS:
  libpd:
    :commit: 144a8d003b4cd4505962ace8bfbd66fd840d7e75
    :git: https://github.com/libpd/libpd

SPEC CHECKSUMS:
  libpd: f5225c6ab701d2f724d6817661276cdc9c794d14

COCOAPODS: 0.39.0
